// !$*UTF8*$!
{
	archiveVersion = 1;
	classes = {
	};
	objectVersion = 56;
	objects = {

/* Begin PBXBuildFile section */
		5819690A299AD95F00C08D5C /* TesMufflerWatchApp Watch App.app in Embed Watch Content */ = {isa = PBXBuildFile; fileRef = 58196909299AD95F00C08D5C /* TesMufflerWatchApp Watch App.app */; settings = {ATTRIBUTES = (RemoveHeadersOnCopy, ); }; };
		5819690F299AD95F00C08D5C /* TesMufflerWatchAppApp.swift in Sources */ = {isa = PBXBuildFile; fileRef = 5819690E299AD95F00C08D5C /* TesMufflerWatchAppApp.swift */; };
		58196911299AD95F00C08D5C /* TesMufflerContentView.swift in Sources */ = {isa = PBXBuildFile; fileRef = 58196910299AD95F00C08D5C /* TesMufflerContentView.swift */; };
		58196913299AD96000C08D5C /* Assets.xcassets in Resources */ = {isa = PBXBuildFile; fileRef = 58196912299AD96000C08D5C /* Assets.xcassets */; };
		58196916299AD96000C08D5C /* Preview Assets.xcassets in Resources */ = {isa = PBXBuildFile; fileRef = 58196915299AD96000C08D5C /* Preview Assets.xcassets */; };
/* End PBXBuildFile section */

/* Begin PBXContainerItemProxy section */
		5819690B299AD95F00C08D5C /* PBXContainerItemProxy */ = {
			isa = PBXContainerItemProxy;
			containerPortal = 581968FD299AD95F00C08D5C /* Project object */;
			proxyType = 1;
			remoteGlobalIDString = 58196908299AD95F00C08D5C;
			remoteInfo = "TesMufflerWatchApp Watch App";
		};
/* End PBXContainerItemProxy section */

/* Begin PBXCopyFilesBuildPhase section */
		5819691C299AD96000C08D5C /* Embed Watch Content */ = {
			isa = PBXCopyFilesBuildPhase;
			buildActionMask = 2147483647;
			dstPath = "$(CONTENTS_FOLDER_PATH)/Watch";
			dstSubfolderSpec = 16;
			files = (
				5819690A299AD95F00C08D5C /* TesMufflerWatchApp Watch App.app in Embed Watch Content */,
			);
			name = "Embed Watch Content";
			runOnlyForDeploymentPostprocessing = 0;
		};
/* End PBXCopyFilesBuildPhase section */

/* Begin PBXFileReference section */
		58196903299AD95F00C08D5C /* TesMufflerWatchApp.app */ = {isa = PBXFileReference; explicitFileType = wrapper.application; includeInIndex = 0; path = TesMufflerWatchApp.app; sourceTree = BUILT_PRODUCTS_DIR; };
		58196909299AD95F00C08D5C /* TesMufflerWatchApp Watch App.app */ = {isa = PBXFileReference; explicitFileType = wrapper.application; includeInIndex = 0; path = "TesMufflerWatchApp Watch App.app"; sourceTree = BUILT_PRODUCTS_DIR; };
		5819690E299AD95F00C08D5C /* TesMufflerWatchAppApp.swift */ = {isa = PBXFileReference; lastKnownFileType = sourcecode.swift; path = TesMufflerWatchAppApp.swift; sourceTree = "<group>"; };
		58196910299AD95F00C08D5C /* TesMufflerContentView.swift */ = {isa = PBXFileReference; lastKnownFileType = sourcecode.swift; path = TesMufflerContentView.swift; sourceTree = "<group>"; };
		58196912299AD96000C08D5C /* Assets.xcassets */ = {isa = PBXFileReference; lastKnownFileType = folder.assetcatalog; path = Assets.xcassets; sourceTree = "<group>"; };
		58196915299AD96000C08D5C /* Preview Assets.xcassets */ = {isa = PBXFileReference; lastKnownFileType = folder.assetcatalog; path = "Preview Assets.xcassets"; sourceTree = "<group>"; };
/* End PBXFileReference section */

/* Begin PBXFrameworksBuildPhase section */
		58196906299AD95F00C08D5C /* Frameworks */ = {
			isa = PBXFrameworksBuildPhase;
			buildActionMask = 2147483647;
			files = (
			);
			runOnlyForDeploymentPostprocessing = 0;
		};
/* End PBXFrameworksBuildPhase section */

/* Begin PBXGroup section */
		581968FC299AD95F00C08D5C = {
			isa = PBXGroup;
			children = (
				5819690D299AD95F00C08D5C /* TesMufflerWatchApp Watch App */,
				58196904299AD95F00C08D5C /* Products */,
			);
			sourceTree = "<group>";
		};
		58196904299AD95F00C08D5C /* Products */ = {
			isa = PBXGroup;
			children = (
				58196903299AD95F00C08D5C /* TesMufflerWatchApp.app */,
				58196909299AD95F00C08D5C /* TesMufflerWatchApp Watch App.app */,
			);
			name = Products;
			sourceTree = "<group>";
		};
		5819690D299AD95F00C08D5C /* TesMufflerWatchApp Watch App */ = {
			isa = PBXGroup;
			children = (
				5819690E299AD95F00C08D5C /* TesMufflerWatchAppApp.swift */,
				58196910299AD95F00C08D5C /* TesMufflerContentView.swift */,
				58196912299AD96000C08D5C /* Assets.xcassets */,
				58196914299AD96000C08D5C /* Preview Content */,
			);
			path = "TesMufflerWatchApp Watch App";
			sourceTree = "<group>";
		};
		58196914299AD96000C08D5C /* Preview Content */ = {
			isa = PBXGroup;
			children = (
				58196915299AD96000C08D5C /* Preview Assets.xcassets */,
			);
			path = "Preview Content";
			sourceTree = "<group>";
		};
/* End PBXGroup section */

/* Begin PBXNativeTarget section */
		58196902299AD95F00C08D5C /* TesMufflerWatchApp */ = {
			isa = PBXNativeTarget;
			buildConfigurationList = 5819691D299AD96000C08D5C /* Build configuration list for PBXNativeTarget "TesMufflerWatchApp" */;
			buildPhases = (
				58196901299AD95F00C08D5C /* Resources */,
				5819691C299AD96000C08D5C /* Embed Watch Content */,
			);
			buildRules = (
			);
			dependencies = (
				5819690C299AD95F00C08D5C /* PBXTargetDependency */,
			);
			name = TesMufflerWatchApp;
			productName = TesMufflerWatchApp;
			productReference = 58196903299AD95F00C08D5C /* TesMufflerWatchApp.app */;
			productType = "com.apple.product-type.application.watchapp2-container";
		};
		58196908299AD95F00C08D5C /* TesMufflerWatchApp Watch App */ = {
			isa = PBXNativeTarget;
			buildConfigurationList = 58196919299AD96000C08D5C /* Build configuration list for PBXNativeTarget "TesMufflerWatchApp Watch App" */;
			buildPhases = (
				58196905299AD95F00C08D5C /* Sources */,
				58196906299AD95F00C08D5C /* Frameworks */,
				58196907299AD95F00C08D5C /* Resources */,
			);
			buildRules = (
			);
			dependencies = (
			);
			name = "TesMufflerWatchApp Watch App";
			productName = "TesMufflerWatchApp Watch App";
			productReference = 58196909299AD95F00C08D5C /* TesMufflerWatchApp Watch App.app */;
			productType = "com.apple.product-type.application";
		};
/* End PBXNativeTarget section */

/* Begin PBXProject section */
		581968FD299AD95F00C08D5C /* Project object */ = {
			isa = PBXProject;
			attributes = {
				BuildIndependentTargetsInParallel = 1;
				LastSwiftUpdateCheck = 1420;
				LastUpgradeCheck = 1420;
				TargetAttributes = {
					58196902299AD95F00C08D5C = {
						CreatedOnToolsVersion = 14.2;
					};
					58196908299AD95F00C08D5C = {
						CreatedOnToolsVersion = 14.2;
					};
				};
			};
			buildConfigurationList = 58196900299AD95F00C08D5C /* Build configuration list for PBXProject "TesMufflerWatchApp" */;
			compatibilityVersion = "Xcode 14.0";
			developmentRegion = en;
			hasScannedForEncodings = 0;
			knownRegions = (
				en,
				Base,
			);
			mainGroup = 581968FC299AD95F00C08D5C;
			productRefGroup = 58196904299AD95F00C08D5C /* Products */;
			projectDirPath = "";
			projectRoot = "";
			targets = (
				58196902299AD95F00C08D5C /* TesMufflerWatchApp */,
				58196908299AD95F00C08D5C /* TesMufflerWatchApp Watch App */,
			);
		};
/* End PBXProject section */

/* Begin PBXResourcesBuildPhase section */
		58196901299AD95F00C08D5C /* Resources */ = {
			isa = PBXResourcesBuildPhase;
			buildActionMask = 2147483647;
			files = (
			);
			runOnlyForDeploymentPostprocessing = 0;
		};
		58196907299AD95F00C08D5C /* Resources */ = {
			isa = PBXResourcesBuildPhase;
			buildActionMask = 2147483647;
			files = (
				58196916299AD96000C08D5C /* Preview Assets.xcassets in Resources */,
				58196913299AD96000C08D5C /* Assets.xcassets in Resources */,
			);
			runOnlyForDeploymentPostprocessing = 0;
		};
/* End PBXResourcesBuildPhase section */

/* Begin PBXSourcesBuildPhase section */
		58196905299AD95F00C08D5C /* Sources */ = {
			isa = PBXSourcesBuildPhase;
			buildActionMask = 2147483647;
			files = (
				58196911299AD95F00C08D5C /* TesMufflerContentView.swift in Sources */,
				5819690F299AD95F00C08D5C /* TesMufflerWatchAppApp.swift in Sources */,
			);
			runOnlyForDeploymentPostprocessing = 0;
		};
/* End PBXSourcesBuildPhase section */

/* Begin PBXTargetDependency section */
		5819690C299AD95F00C08D5C /* PBXTargetDependency */ = {
			isa = PBXTargetDependency;
			target = 58196908299AD95F00C08D5C /* TesMufflerWatchApp Watch App */;
			targetProxy = 5819690B299AD95F00C08D5C /* PBXContainerItemProxy */;
		};
/* End PBXTargetDependency section */

/* Begin XCBuildConfiguration section */
		58196917299AD96000C08D5C /* Debug */ = {
			isa = XCBuildConfiguration;
			buildSettings = {
				ALWAYS_SEARCH_USER_PATHS = NO;
				CLANG_ANALYZER_NONNULL = YES;
				CLANG_ANALYZER_NUMBER_OBJECT_CONVERSION = YES_AGGRESSIVE;
				CLANG_CXX_LANGUAGE_STANDARD = "gnu++20";
				CLANG_ENABLE_MODULES = YES;
				CLANG_ENABLE_OBJC_ARC = YES;
				CLANG_ENABLE_OBJC_WEAK = YES;
				CLANG_WARN_BLOCK_CAPTURE_AUTORELEASING = YES;
				CLANG_WARN_BOOL_CONVERSION = YES;
				CLANG_WARN_COMMA = YES;
				CLANG_WARN_CONSTANT_CONVERSION = YES;
				CLANG_WARN_DEPRECATED_OBJC_IMPLEMENTATIONS = YES;
				CLANG_WARN_DIRECT_OBJC_ISA_USAGE = YES_ERROR;
				CLANG_WARN_DOCUMENTATION_COMMENTS = YES;
				CLANG_WARN_EMPTY_BODY = YES;
				CLANG_WARN_ENUM_CONVERSION = YES;
				CLANG_WARN_INFINITE_RECURSION = YES;
				CLANG_WARN_INT_CONVERSION = YES;
				CLANG_WARN_NON_LITERAL_NULL_CONVERSION = YES;
				CLANG_WARN_OBJC_IMPLICIT_RETAIN_SELF = YES;
				CLANG_WARN_OBJC_LITERAL_CONVERSION = YES;
				CLANG_WARN_OBJC_ROOT_CLASS = YES_ERROR;
				CLANG_WARN_QUOTED_INCLUDE_IN_FRAMEWORK_HEADER = YES;
				CLANG_WARN_RANGE_LOOP_ANALYSIS = YES;
				CLANG_WARN_STRICT_PROTOTYPES = YES;
				CLANG_WARN_SUSPICIOUS_MOVE = YES;
				CLANG_WARN_UNGUARDED_AVAILABILITY = YES_AGGRESSIVE;
				CLANG_WARN_UNREACHABLE_CODE = YES;
				CLANG_WARN__DUPLICATE_METHOD_MATCH = YES;
				COPY_PHASE_STRIP = NO;
				DEBUG_INFORMATION_FORMAT = dwarf;
				ENABLE_STRICT_OBJC_MSGSEND = YES;
				ENABLE_TESTABILITY = YES;
				GCC_C_LANGUAGE_STANDARD = gnu11;
				GCC_DYNAMIC_NO_PIC = NO;
				GCC_NO_COMMON_BLOCKS = YES;
				GCC_OPTIMIZATION_LEVEL = 0;
				GCC_PREPROCESSOR_DEFINITIONS = (
					"DEBUG=1",
					"$(inherited)",
				);
				GCC_WARN_64_TO_32_BIT_CONVERSION = YES;
				GCC_WARN_ABOUT_RETURN_TYPE = YES_ERROR;
				GCC_WARN_UNDECLARED_SELECTOR = YES;
				GCC_WARN_UNINITIALIZED_AUTOS = YES_AGGRESSIVE;
				GCC_WARN_UNUSED_FUNCTION = YES;
				GCC_WARN_UNUSED_VARIABLE = YES;
				MTL_ENABLE_DEBUG_INFO = INCLUDE_SOURCE;
				MTL_FAST_MATH = YES;
				ONLY_ACTIVE_ARCH = YES;
				SWIFT_ACTIVE_COMPILATION_CONDITIONS = DEBUG;
				SWIFT_OPTIMIZATION_LEVEL = "-Onone";
			};
			name = Debug;
		};
		58196918299AD96000C08D5C /* Release */ = {
			isa = XCBuildConfiguration;
			buildSettings = {
				ALWAYS_SEARCH_USER_PATHS = NO;
				CLANG_ANALYZER_NONNULL = YES;
				CLANG_ANALYZER_NUMBER_OBJECT_CONVERSION = YES_AGGRESSIVE;
				CLANG_CXX_LANGUAGE_STANDARD = "gnu++20";
				CLANG_ENABLE_MODULES = YES;
				CLANG_ENABLE_OBJC_ARC = YES;
				CLANG_ENABLE_OBJC_WEAK = YES;
				CLANG_WARN_BLOCK_CAPTURE_AUTORELEASING = YES;
				CLANG_WARN_BOOL_CONVERSION = YES;
				CLANG_WARN_COMMA = YES;
				CLANG_WARN_CONSTANT_CONVERSION = YES;
				CLANG_WARN_DEPRECATED_OBJC_IMPLEMENTATIONS = YES;
				CLANG_WARN_DIRECT_OBJC_ISA_USAGE = YES_ERROR;
				CLANG_WARN_DOCUMENTATION_COMMENTS = YES;
				CLANG_WARN_EMPTY_BODY = YES;
				CLANG_WARN_ENUM_CONVERSION = YES;
				CLANG_WARN_INFINITE_RECURSION = YES;
				CLANG_WARN_INT_CONVERSION = YES;
				CLANG_WARN_NON_LITERAL_NULL_CONVERSION = YES;
				CLANG_WARN_OBJC_IMPLICIT_RETAIN_SELF = YES;
				CLANG_WARN_OBJC_LITERAL_CONVERSION = YES;
				CLANG_WARN_OBJC_ROOT_CLASS = YES_ERROR;
				CLANG_WARN_QUOTED_INCLUDE_IN_FRAMEWORK_HEADER = YES;
				CLANG_WARN_RANGE_LOOP_ANALYSIS = YES;
				CLANG_WARN_STRICT_PROTOTYPES = YES;
				CLANG_WARN_SUSPICIOUS_MOVE = YES;
				CLANG_WARN_UNGUARDED_AVAILABILITY = YES_AGGRESSIVE;
				CLANG_WARN_UNREACHABLE_CODE = YES;
				CLANG_WARN__DUPLICATE_METHOD_MATCH = YES;
				COPY_PHASE_STRIP = NO;
				DEBUG_INFORMATION_FORMAT = "dwarf-with-dsym";
				ENABLE_NS_ASSERTIONS = NO;
				ENABLE_STRICT_OBJC_MSGSEND = YES;
				GCC_C_LANGUAGE_STANDARD = gnu11;
				GCC_NO_COMMON_BLOCKS = YES;
				GCC_WARN_64_TO_32_BIT_CONVERSION = YES;
				GCC_WARN_ABOUT_RETURN_TYPE = YES_ERROR;
				GCC_WARN_UNDECLARED_SELECTOR = YES;
				GCC_WARN_UNINITIALIZED_AUTOS = YES_AGGRESSIVE;
				GCC_WARN_UNUSED_FUNCTION = YES;
				GCC_WARN_UNUSED_VARIABLE = YES;
				MTL_ENABLE_DEBUG_INFO = NO;
				MTL_FAST_MATH = YES;
				SWIFT_COMPILATION_MODE = wholemodule;
				SWIFT_OPTIMIZATION_LEVEL = "-O";
			};
			name = Release;
		};
		5819691A299AD96000C08D5C /* Debug */ = {
			isa = XCBuildConfiguration;
			buildSettings = {
				ASSETCATALOG_COMPILER_APPICON_NAME = AppIcon;
				ASSETCATALOG_COMPILER_GLOBAL_ACCENT_COLOR_NAME = AccentColor;
				CODE_SIGN_STYLE = Automatic;
				CURRENT_PROJECT_VERSION = 1;
				DEVELOPMENT_ASSET_PATHS = "\"TesMufflerWatchApp Watch App/Preview Content\"";
				DEVELOPMENT_TEAM = JN4DDTS7AA;
				ENABLE_PREVIEWS = YES;
				GENERATE_INFOPLIST_FILE = YES;
				INFOPLIST_KEY_CFBundleDisplayName = TesMufflerWatchApp;
				INFOPLIST_KEY_UISupportedInterfaceOrientations = "UIInterfaceOrientationPortrait UIInterfaceOrientationPortraitUpsideDown";
				INFOPLIST_KEY_WKWatchOnly = YES;
				LD_RUNPATH_SEARCH_PATHS = (
					"$(inherited)",
					"@executable_path/Frameworks",
				);
				MARKETING_VERSION = 1.0;
				PRODUCT_BUNDLE_IDENTIFIER = com.hollis.TesMufflerWatchApp.watchkitapp;
				PRODUCT_NAME = "$(TARGET_NAME)";
				SDKROOT = watchos;
				SKIP_INSTALL = YES;
				SWIFT_EMIT_LOC_STRINGS = YES;
				SWIFT_VERSION = 5.0;
				TARGETED_DEVICE_FAMILY = 4;
				WATCHOS_DEPLOYMENT_TARGET = 9.1;
			};
			name = Debug;
		};
		5819691B299AD96000C08D5C /* Release */ = {
			isa = XCBuildConfiguration;
			buildSettings = {
				ASSETCATALOG_COMPILER_APPICON_NAME = AppIcon;
				ASSETCATALOG_COMPILER_GLOBAL_ACCENT_COLOR_NAME = AccentColor;
				CODE_SIGN_STYLE = Automatic;
				CURRENT_PROJECT_VERSION = 1;
				DEVELOPMENT_ASSET_PATHS = "\"TesMufflerWatchApp Watch App/Preview Content\"";
				DEVELOPMENT_TEAM = JN4DDTS7AA;
				ENABLE_PREVIEWS = YES;
				GENERATE_INFOPLIST_FILE = YES;
				INFOPLIST_KEY_CFBundleDisplayName = TesMufflerWatchApp;
				INFOPLIST_KEY_UISupportedInterfaceOrientations = "UIInterfaceOrientationPortrait UIInterfaceOrientationPortraitUpsideDown";
				INFOPLIST_KEY_WKWatchOnly = YES;
				LD_RUNPATH_SEARCH_PATHS = (
					"$(inherited)",
					"@executable_path/Frameworks",
				);
				MARKETING_VERSION = 1.0;
				PRODUCT_BUNDLE_IDENTIFIER = com.hollis.TesMufflerWatchApp.watchkitapp;
				PRODUCT_NAME = "$(TARGET_NAME)";
				SDKROOT = watchos;
				SKIP_INSTALL = YES;
				SWIFT_EMIT_LOC_STRINGS = YES;
				SWIFT_VERSION = 5.0;
				TARGETED_DEVICE_FAMILY = 4;
				VALIDATE_PRODUCT = YES;
				WATCHOS_DEPLOYMENT_TARGET = 9.1;
			};
			name = Release;
		};
		5819691E299AD96000C08D5C /* Debug */ = {
			isa = XCBuildConfiguration;
			buildSettings = {
				ALWAYS_EMBED_SWIFT_STANDARD_LIBRARIES = YES;
				CODE_SIGN_STYLE = Automatic;
				CURRENT_PROJECT_VERSION = 1;
				DEVELOPMENT_TEAM = JN4DDTS7AA;
				INFOPLIST_KEY_CFBundleDisplayName = TesMufflerWatchApp;
				MARKETING_VERSION = 1.0;
				PRODUCT_BUNDLE_IDENTIFIER = com.hollis.TesMufflerWatchApp;
				PRODUCT_NAME = "$(TARGET_NAME)";
				SDKROOT = iphoneos;
				SWIFT_VERSION = 5.0;
			};
			name = Debug;
		};
		5819691F299AD96000C08D5C /* Release */ = {
			isa = XCBuildConfiguration;
			buildSettings = {
				ALWAYS_EMBED_SWIFT_STANDARD_LIBRARIES = YES;
				CODE_SIGN_STYLE = Automatic;
				CURRENT_PROJECT_VERSION = 1;
				DEVELOPMENT_TEAM = JN4DDTS7AA;
				INFOPLIST_KEY_CFBundleDisplayName = TesMufflerWatchApp;
				MARKETING_VERSION = 1.0;
				PRODUCT_BUNDLE_IDENTIFIER = com.hollis.TesMufflerWatchApp;
				PRODUCT_NAME = "$(TARGET_NAME)";
				SDKROOT = iphoneos;
				SWIFT_VERSION = 5.0;
				VALIDATE_PRODUCT = YES;
			};
			name = Release;
		};
/* End XCBuildConfiguration section */

/* Begin XCConfigurationList section */
		58196900299AD95F00C08D5C /* Build configuration list for PBXProject "TesMufflerWatchApp" */ = {
			isa = XCConfigurationList;
			buildConfigurations = (
				58196917299AD96000C08D5C /* Debug */,
				58196918299AD96000C08D5C /* Release */,
			);
			defaultConfigurationIsVisible = 0;
			defaultConfigurationName = Release;
		};
		58196919299AD96000C08D5C /* Build configuration list for PBXNativeTarget "TesMufflerWatchApp Watch App" */ = {
			isa = XCConfigurationList;
			buildConfigurations = (
				5819691A299AD96000C08D5C /* Debug */,
				5819691B299AD96000C08D5C /* Release */,
			);
			defaultConfigurationIsVisible = 0;
			defaultConfigurationName = Release;
		};
		5819691D299AD96000C08D5C /* Build configuration list for PBXNativeTarget "TesMufflerWatchApp" */ = {
			isa = XCConfigurationList;
			buildConfigurations = (
				5819691E299AD96000C08D5C /* Debug */,
				5819691F299AD96000C08D5C /* Release */,
			);
			defaultConfigurationIsVisible = 0;
			defaultConfigurationName = Release;
		};
/* End XCConfigurationList section */
	};
	rootObject = 581968FD299AD95F00C08D5C /* Project object */;
}
